
Microsoft Visual Studio Solution File, Format Version 12.00
# Visual Studio Version 17
VisualStudioVersion = 17.8.34525.116
MinimumVisualStudioVersion = 10.0.40219.1
Project("{FAE04EC0-301F-11D3-BF4B-00C04F79EFBC}") = "Blazor.Web.App.Server", "Blazor.Web.App.Server.csproj", "{5BC474DD-84EF-44E5-B3EB-31DE742E25A3}"
EndProject
Global
	GlobalSection(SolutionConfigurationPlatforms) = preSolution
		Debug|Any CPU = Debug|Any CPU
		Release|Any CPU = Release|Any CPU
	EndGlobalSection
	GlobalSection(ProjectConfigurationPlatforms) = postSolution
		{5BC474DD-84EF-44E5-B3EB-31DE742E25A3}.Debug|Any CPU.ActiveCfg = Debug|Any CPU
		{5BC474DD-84EF-44E5-B3EB-31DE742E25A3}.Debug|Any CPU.Build.0 = Debug|Any CPU
		{5BC474DD-84EF-44E5-B3EB-31DE742E25A3}.Release|Any CPU.ActiveCfg = Release|Any CPU
		{5BC474DD-84EF-44E5-B3EB-31DE742E25A3}.Release|Any CPU.Build.0 = Release|Any CPU
	EndGlobalSection
	GlobalSection(SolutionProperties) = preSolution
		HideSolutionNode = FALSE
	EndGlobalSection
	GlobalSection(ExtensibilityGlobals) = postSolution
		SolutionGuid = {95E03420-C20C-4D63-89B1-3D2FB8BC2A24}
	EndGlobalSection
EndGlobal
