
Microsoft Visual Studio Solution File, Format Version 12.00
# Visual Studio Version 17
VisualStudioVersion = 17.8.34525.116
MinimumVisualStudioVersion = 10.0.40219.1
Project("{9A19103F-16F7-4668-BE54-9A1E7A4F7556}") = "Blazor.Web.App.Auto", "src\Blazor.Web.App.Auto\Blazor.Web.App.Auto\Blazor.Web.App.Auto.csproj", "{5C521F9B-C1F8-42B3-AF1D-81BC1A530122}"
EndProject
Project("{9A19103F-16F7-4668-BE54-9A1E7A4F7556}") = "Blazor.Web.App.Auto.Client", "src\Blazor.Web.App.Auto\Blazor.Web.App.Auto.Client\Blazor.Web.App.Auto.Client.csproj", "{6F546CB6-0429-4BCA-8B68-280144B1AF95}"
EndProject
Project("{9A19103F-16F7-4668-BE54-9A1E7A4F7556}") = "Blazor.Web.App.Server", "src\Blazor.Web.App.Server\Blazor.Web.App.Server.csproj", "{20B5B54C-789C-4574-A0B0-0CF85A6D1E82}"
EndProject
Project("{9A19103F-16F7-4668-BE54-9A1E7A4F7556}") = "Blazor.Web.App.WebAssembly", "src\Blazor.Web.App.WebAssembly\Blazor.Web.App.WebAssembly\Blazor.Web.App.WebAssembly.csproj", "{C34AF099-4483-4249-81CD-5C65963F62B1}"
EndProject
Project("{9A19103F-16F7-4668-BE54-9A1E7A4F7556}") = "Blazor.Web.App.WebAssembly.Client", "src\Blazor.Web.App.WebAssembly\Blazor.Web.App.WebAssembly.Client\Blazor.Web.App.WebAssembly.Client.csproj", "{6A2B3563-48A9-49B6-94F5-DBD6576758B6}"
EndProject
Project("{9A19103F-16F7-4668-BE54-9A1E7A4F7556}") = "Blazor.Web.Assembly.Static", "src\Blazor.Web.Assembly.Static\Blazor.Web.Assembly.Static.csproj", "{5375B840-BA12-4148-B195-4570B027ED9B}"
EndProject
Global
	GlobalSection(SolutionConfigurationPlatforms) = preSolution
		Debug|Any CPU = Debug|Any CPU
		Release|Any CPU = Release|Any CPU
	EndGlobalSection
	GlobalSection(ProjectConfigurationPlatforms) = postSolution
		{5C521F9B-C1F8-42B3-AF1D-81BC1A530122}.Debug|Any CPU.ActiveCfg = Debug|Any CPU
		{5C521F9B-C1F8-42B3-AF1D-81BC1A530122}.Debug|Any CPU.Build.0 = Debug|Any CPU
		{5C521F9B-C1F8-42B3-AF1D-81BC1A530122}.Release|Any CPU.ActiveCfg = Release|Any CPU
		{5C521F9B-C1F8-42B3-AF1D-81BC1A530122}.Release|Any CPU.Build.0 = Release|Any CPU
		{6F546CB6-0429-4BCA-8B68-280144B1AF95}.Debug|Any CPU.ActiveCfg = Debug|Any CPU
		{6F546CB6-0429-4BCA-8B68-280144B1AF95}.Debug|Any CPU.Build.0 = Debug|Any CPU
		{6F546CB6-0429-4BCA-8B68-280144B1AF95}.Release|Any CPU.ActiveCfg = Release|Any CPU
		{6F546CB6-0429-4BCA-8B68-280144B1AF95}.Release|Any CPU.Build.0 = Release|Any CPU
		{20B5B54C-789C-4574-A0B0-0CF85A6D1E82}.Debug|Any CPU.ActiveCfg = Debug|Any CPU
		{20B5B54C-789C-4574-A0B0-0CF85A6D1E82}.Debug|Any CPU.Build.0 = Debug|Any CPU
		{20B5B54C-789C-4574-A0B0-0CF85A6D1E82}.Release|Any CPU.ActiveCfg = Release|Any CPU
		{20B5B54C-789C-4574-A0B0-0CF85A6D1E82}.Release|Any CPU.Build.0 = Release|Any CPU
		{C34AF099-4483-4249-81CD-5C65963F62B1}.Debug|Any CPU.ActiveCfg = Debug|Any CPU
		{C34AF099-4483-4249-81CD-5C65963F62B1}.Debug|Any CPU.Build.0 = Debug|Any CPU
		{C34AF099-4483-4249-81CD-5C65963F62B1}.Release|Any CPU.ActiveCfg = Release|Any CPU
		{C34AF099-4483-4249-81CD-5C65963F62B1}.Release|Any CPU.Build.0 = Release|Any CPU
		{6A2B3563-48A9-49B6-94F5-DBD6576758B6}.Debug|Any CPU.ActiveCfg = Debug|Any CPU
		{6A2B3563-48A9-49B6-94F5-DBD6576758B6}.Debug|Any CPU.Build.0 = Debug|Any CPU
		{6A2B3563-48A9-49B6-94F5-DBD6576758B6}.Release|Any CPU.ActiveCfg = Release|Any CPU
		{6A2B3563-48A9-49B6-94F5-DBD6576758B6}.Release|Any CPU.Build.0 = Release|Any CPU
		{5375B840-BA12-4148-B195-4570B027ED9B}.Debug|Any CPU.ActiveCfg = Debug|Any CPU
		{5375B840-BA12-4148-B195-4570B027ED9B}.Debug|Any CPU.Build.0 = Debug|Any CPU
		{5375B840-BA12-4148-B195-4570B027ED9B}.Release|Any CPU.ActiveCfg = Release|Any CPU
		{5375B840-BA12-4148-B195-4570B027ED9B}.Release|Any CPU.Build.0 = Release|Any CPU
	EndGlobalSection
	GlobalSection(SolutionProperties) = preSolution
		HideSolutionNode = FALSE
	EndGlobalSection
	GlobalSection(ExtensibilityGlobals) = postSolution
		SolutionGuid = {95E03420-C20C-4D63-89B1-3D2FB8BC2A24}
	EndGlobalSection
EndGlobal
