
Microsoft Visual Studio Solution File, Format Version 12.00
# Visual Studio Version 17
VisualStudioVersion = 17.8.34525.116
MinimumVisualStudioVersion = 10.0.40219.1
Project("{FAE04EC0-301F-11D3-BF4B-00C04F79EFBC}") = "Blazor.Web.App.Auto", "Blazor.Web.App.Auto\Blazor.Web.App.Auto.csproj", "{2DB2BAC2-6543-4857-9136-66EF542FF119}"
EndProject
Project("{FAE04EC0-301F-11D3-BF4B-00C04F79EFBC}") = "Blazor.Web.App.Auto.Client", "Blazor.Web.App.Auto.Client\Blazor.Web.App.Auto.Client.csproj", "{B127D637-34B7-4E0A-AC52-37E1BF847388}"
EndProject
Global
	GlobalSection(SolutionConfigurationPlatforms) = preSolution
		Debug|Any CPU = Debug|Any CPU
		Release|Any CPU = Release|Any CPU
	EndGlobalSection
	GlobalSection(ProjectConfigurationPlatforms) = postSolution
		{2DB2BAC2-6543-4857-9136-66EF542FF119}.Debug|Any CPU.ActiveCfg = Debug|Any CPU
		{2DB2BAC2-6543-4857-9136-66EF542FF119}.Debug|Any CPU.Build.0 = Debug|Any CPU
		{2DB2BAC2-6543-4857-9136-66EF542FF119}.Release|Any CPU.ActiveCfg = Release|Any CPU
		{2DB2BAC2-6543-4857-9136-66EF542FF119}.Release|Any CPU.Build.0 = Release|Any CPU
		{B127D637-34B7-4E0A-AC52-37E1BF847388}.Debug|Any CPU.ActiveCfg = Debug|Any CPU
		{B127D637-34B7-4E0A-AC52-37E1BF847388}.Debug|Any CPU.Build.0 = Debug|Any CPU
		{B127D637-34B7-4E0A-AC52-37E1BF847388}.Release|Any CPU.ActiveCfg = Release|Any CPU
		{B127D637-34B7-4E0A-AC52-37E1BF847388}.Release|Any CPU.Build.0 = Release|Any CPU
	EndGlobalSection
	GlobalSection(SolutionProperties) = preSolution
		HideSolutionNode = FALSE
	EndGlobalSection
	GlobalSection(ExtensibilityGlobals) = postSolution
		SolutionGuid = {30E167E9-D604-409F-801C-899438E205F4}
	EndGlobalSection
EndGlobal
