
Microsoft Visual Studio Solution File, Format Version 12.00
# Visual Studio Version 17
VisualStudioVersion = 17.8.34525.116
MinimumVisualStudioVersion = 10.0.40219.1
Project("{FAE04EC0-301F-11D3-BF4B-00C04F79EFBC}") = "Blazor.Web.Assembly.Static", "Blazor.Web.Assembly.Static.csproj", "{36BD96F3-A43E-4172-84EE-9B2956323E00}"
EndProject
Global
	GlobalSection(SolutionConfigurationPlatforms) = preSolution
		Debug|Any CPU = Debug|Any CPU
		Release|Any CPU = Release|Any CPU
	EndGlobalSection
	GlobalSection(ProjectConfigurationPlatforms) = postSolution
		{36BD96F3-A43E-4172-84EE-9B2956323E00}.Debug|Any CPU.ActiveCfg = Debug|Any CPU
		{36BD96F3-A43E-4172-84EE-9B2956323E00}.Debug|Any CPU.Build.0 = Debug|Any CPU
		{36BD96F3-A43E-4172-84EE-9B2956323E00}.Release|Any CPU.ActiveCfg = Release|Any CPU
		{36BD96F3-A43E-4172-84EE-9B2956323E00}.Release|Any CPU.Build.0 = Release|Any CPU
	EndGlobalSection
	GlobalSection(SolutionProperties) = preSolution
		HideSolutionNode = FALSE
	EndGlobalSection
	GlobalSection(ExtensibilityGlobals) = postSolution
		SolutionGuid = {0593490A-B2D8-45C3-BFEB-8A5E8B776C45}
	EndGlobalSection
EndGlobal
